
Microsoft Visual Studio Solution File, Format Version 12.00
# Visual Studio Version 17
VisualStudioVersion = 17.4.33122.133
MinimumVisualStudioVersion = 10.0.40219.1
Project("{FAE04EC0-301F-11D3-BF4B-00C04F79EFBC}") = "UserDemostration", "UserDemostration\UserDemostration.csproj", "{42E1D8C5-4B5C-453A-8ADC-B0E47DEBB73B}"
EndProject
Global
	GlobalSection(SolutionConfigurationPlatforms) = preSolution
		Debug|Any CPU = Debug|Any CPU
		Release|Any CPU = Release|Any CPU
	EndGlobalSection
	GlobalSection(ProjectConfigurationPlatforms) = postSolution
		{42E1D8C5-4B5C-453A-8ADC-B0E47DEBB73B}.Debug|Any CPU.ActiveCfg = Debug|Any CPU
		{42E1D8C5-4B5C-453A-8ADC-B0E47DEBB73B}.Debug|Any CPU.Build.0 = Debug|Any CPU
		{42E1D8C5-4B5C-453A-8ADC-B0E47DEBB73B}.Release|Any CPU.ActiveCfg = Release|Any CPU
		{42E1D8C5-4B5C-453A-8ADC-B0E47DEBB73B}.Release|Any CPU.Build.0 = Release|Any CPU
	EndGlobalSection
	GlobalSection(SolutionProperties) = preSolution
		HideSolutionNode = FALSE
	EndGlobalSection
	GlobalSection(ExtensibilityGlobals) = postSolution
		SolutionGuid = {19DC09A3-6853-43EC-8B66-7B9EF83F1DE7}
	EndGlobalSection
EndGlobal
